// !$*UTF8*$!
{
	archiveVersion = 1;
	classes = {
	};
	objectVersion = 56;
	objects = {

/* Begin PBXBuildFile section */
		CD163DE529565F0A0009C43F /* AppDelegate.swift in Sources */ = {isa = PBXBuildFile; fileRef = CD163DE429565F0A0009C43F /* AppDelegate.swift */; };
		CD163DE729565F0A0009C43F /* SceneDelegate.swift in Sources */ = {isa = PBXBuildFile; fileRef = CD163DE629565F0A0009C43F /* SceneDelegate.swift */; };
		CD163DE929565F0A0009C43F /* ShowsListViewController.swift in Sources */ = {isa = PBXBuildFile; fileRef = CD163DE829565F0A0009C43F /* ShowsListViewController.swift */; };
		CD163DEE29565F0B0009C43F /* Assets.xcassets in Resources */ = {isa = PBXBuildFile; fileRef = CD163DED29565F0B0009C43F /* Assets.xcassets */; };
		CD163DF129565F0B0009C43F /* LaunchScreen.storyboard in Resources */ = {isa = PBXBuildFile; fileRef = CD163DEF29565F0B0009C43F /* LaunchScreen.storyboard */; };
		CD163DFC29565F0B0009C43F /* tv_seriesTests.swift in Sources */ = {isa = PBXBuildFile; fileRef = CD163DFB29565F0B0009C43F /* tv_seriesTests.swift */; };
		CD163E0629565F0B0009C43F /* tv_seriesUITests.swift in Sources */ = {isa = PBXBuildFile; fileRef = CD163E0529565F0B0009C43F /* tv_seriesUITests.swift */; };
		CD163E0829565F0B0009C43F /* tv_seriesUITestsLaunchTests.swift in Sources */ = {isa = PBXBuildFile; fileRef = CD163E0729565F0B0009C43F /* tv_seriesUITestsLaunchTests.swift */; };
		CD2E4A662959DFD700EE3341 /* People.swift in Sources */ = {isa = PBXBuildFile; fileRef = CD2E4A652959DFD700EE3341 /* People.swift */; };
		CD2E4A6D2959E08A00EE3341 /* PeopleListViewModel.swift in Sources */ = {isa = PBXBuildFile; fileRef = CD2E4A6C2959E08A00EE3341 /* PeopleListViewModel.swift */; };
		CD2E4A6F2959E22900EE3341 /* PeopleListViewController.swift in Sources */ = {isa = PBXBuildFile; fileRef = CD2E4A6E2959E22900EE3341 /* PeopleListViewController.swift */; };
		CD2E4A712959E33D00EE3341 /* PeopleCell.swift in Sources */ = {isa = PBXBuildFile; fileRef = CD2E4A702959E33D00EE3341 /* PeopleCell.swift */; };
		CD2E4A732959E35D00EE3341 /* PeopleCellViewModel.swift in Sources */ = {isa = PBXBuildFile; fileRef = CD2E4A722959E35D00EE3341 /* PeopleCellViewModel.swift */; };
		CD2E4A752959E46600EE3341 /* Collection+Extensions.swift in Sources */ = {isa = PBXBuildFile; fileRef = CD2E4A742959E46600EE3341 /* Collection+Extensions.swift */; };
		CD2E4A7A2959EEB900EE3341 /* PeopleDetailsViewController.swift in Sources */ = {isa = PBXBuildFile; fileRef = CD2E4A792959EEB900EE3341 /* PeopleDetailsViewController.swift */; };
		CD2E4A7C2959EEF000EE3341 /* PeopleDetailsViewModel.swift in Sources */ = {isa = PBXBuildFile; fileRef = CD2E4A7B2959EEF000EE3341 /* PeopleDetailsViewModel.swift */; };
		CD2E4A7E2959EFEF00EE3341 /* CastCredit.swift in Sources */ = {isa = PBXBuildFile; fileRef = CD2E4A7D2959EFEF00EE3341 /* CastCredit.swift */; };
		CD2E4A85295A2AAB00EE3341 /* ThemeSettingsViewController.swift in Sources */ = {isa = PBXBuildFile; fileRef = CD2E4A84295A2AAB00EE3341 /* ThemeSettingsViewController.swift */; };
		CD2E4A87295A2AC000EE3341 /* ThemeSettingsViewModel.swift in Sources */ = {isa = PBXBuildFile; fileRef = CD2E4A86295A2AC000EE3341 /* ThemeSettingsViewModel.swift */; };
		CD2E4A89295A2B6300EE3341 /* ThemeHelper.swift in Sources */ = {isa = PBXBuildFile; fileRef = CD2E4A88295A2B6300EE3341 /* ThemeHelper.swift */; };
		CD2E4A8C295A34FC00EE3341 /* ShowsListViewModelTests.swift in Sources */ = {isa = PBXBuildFile; fileRef = CD2E4A8B295A34FC00EE3341 /* ShowsListViewModelTests.swift */; };
		CD2E4A8E295A3CDD00EE3341 /* ShowsListViewControllerTests.swift in Sources */ = {isa = PBXBuildFile; fileRef = CD2E4A8D295A3CDD00EE3341 /* ShowsListViewControllerTests.swift */; };
		CD2E4A91295A483400EE3341 /* ShowsManagerTests.swift in Sources */ = {isa = PBXBuildFile; fileRef = CD2E4A90295A483400EE3341 /* ShowsManagerTests.swift */; };
		CD361F512956855A00D86A32 /* ShowsListViewModel.swift in Sources */ = {isa = PBXBuildFile; fileRef = CD361F502956855A00D86A32 /* ShowsListViewModel.swift */; };
		CD361F57295685E600D86A32 /* Endpoints.swift in Sources */ = {isa = PBXBuildFile; fileRef = CD361F56295685E600D86A32 /* Endpoints.swift */; };
		CD361F592956885000D86A32 /* Show.swift in Sources */ = {isa = PBXBuildFile; fileRef = CD361F582956885000D86A32 /* Show.swift */; };
		CD361F5B29568B5700D86A32 /* ShowCell.swift in Sources */ = {isa = PBXBuildFile; fileRef = CD361F5A29568B5700D86A32 /* ShowCell.swift */; };
		CD361F5D29568B9300D86A32 /* ShowCellViewModel.swift in Sources */ = {isa = PBXBuildFile; fileRef = CD361F5C29568B9300D86A32 /* ShowCellViewModel.swift */; };
		CD361F5F29568C6A00D86A32 /* UIImageView+Extensions.swift in Sources */ = {isa = PBXBuildFile; fileRef = CD361F5E29568C6A00D86A32 /* UIImageView+Extensions.swift */; };
		CD361F62295693CD00D86A32 /* LoadingCell.swift in Sources */ = {isa = PBXBuildFile; fileRef = CD361F61295693CD00D86A32 /* LoadingCell.swift */; };
		CD361F642957251900D86A32 /* SearchResult.swift in Sources */ = {isa = PBXBuildFile; fileRef = CD361F632957251900D86A32 /* SearchResult.swift */; };
		CD916B2B295775510098F752 /* EpisodeCell.swift in Sources */ = {isa = PBXBuildFile; fileRef = CD916B2A295775510098F752 /* EpisodeCell.swift */; };
		CD916B2D295775B40098F752 /* EpisodeCellViewModel.swift in Sources */ = {isa = PBXBuildFile; fileRef = CD916B2C295775B40098F752 /* EpisodeCellViewModel.swift */; };
		CD916B2F295789D10098F752 /* Image.swift in Sources */ = {isa = PBXBuildFile; fileRef = CD916B2E295789D10098F752 /* Image.swift */; };
		CD916B33295794DD0098F752 /* EpisodeDetailsViewController.swift in Sources */ = {isa = PBXBuildFile; fileRef = CD916B32295794DD0098F752 /* EpisodeDetailsViewController.swift */; };
		CD916B36295795180098F752 /* EpisodeDetailsViewModel.swift in Sources */ = {isa = PBXBuildFile; fileRef = CD916B35295795180098F752 /* EpisodeDetailsViewModel.swift */; };
		CD916B38295798B80098F752 /* NSAttributedString+Extensions.swift in Sources */ = {isa = PBXBuildFile; fileRef = CD916B37295798B80098F752 /* NSAttributedString+Extensions.swift */; };
		CD916B3B2957A2480098F752 /* TabsViewController.swift in Sources */ = {isa = PBXBuildFile; fileRef = CD916B3A2957A2480098F752 /* TabsViewController.swift */; };
		CD916B3D2957A43D0098F752 /* FavoriteListViewController.swift in Sources */ = {isa = PBXBuildFile; fileRef = CD916B3C2957A43D0098F752 /* FavoriteListViewController.swift */; };
		CD916B422957A4890098F752 /* FavoriteListViewModel.swift in Sources */ = {isa = PBXBuildFile; fileRef = CD916B412957A4890098F752 /* FavoriteListViewModel.swift */; };
		CD916B442957A5430098F752 /* ShowsManager.swift in Sources */ = {isa = PBXBuildFile; fileRef = CD916B432957A5430098F752 /* ShowsManager.swift */; };
		CD916B462958E9EF0098F752 /* Notifications.swift in Sources */ = {isa = PBXBuildFile; fileRef = CD916B452958E9EF0098F752 /* Notifications.swift */; };
		CD916B4B2958EE650098F752 /* SettingsViewController.swift in Sources */ = {isa = PBXBuildFile; fileRef = CD916B4A2958EE650098F752 /* SettingsViewController.swift */; };
		CD916B4D2958EFC30098F752 /* SettingsViewModel.swift in Sources */ = {isa = PBXBuildFile; fileRef = CD916B4C2958EFC30098F752 /* SettingsViewModel.swift */; };
		CD916B522958F2E10098F752 /* PinViewController.swift in Sources */ = {isa = PBXBuildFile; fileRef = CD916B512958F2E10098F752 /* PinViewController.swift */; };
		CD916B562958F3F30098F752 /* PinViewModel.swift in Sources */ = {isa = PBXBuildFile; fileRef = CD916B552958F3F30098F752 /* PinViewModel.swift */; };
		CD916B5B2958F6F90098F752 /* PinSettingsViewController.swift in Sources */ = {isa = PBXBuildFile; fileRef = CD916B5A2958F6F90098F752 /* PinSettingsViewController.swift */; };
		CD916B5D2958F7310098F752 /* PinSettingsViewModel.swift in Sources */ = {isa = PBXBuildFile; fileRef = CD916B5C2958F7310098F752 /* PinSettingsViewModel.swift */; };
		CD916B5F2958FA5D0098F752 /* KeychainHelper.swift in Sources */ = {isa = PBXBuildFile; fileRef = CD916B5E2958FA5D0098F752 /* KeychainHelper.swift */; };
		CD916B6129590FD90098F752 /* PinTextField.swift in Sources */ = {isa = PBXBuildFile; fileRef = CD916B6029590FD90098F752 /* PinTextField.swift */; };
		CD916B63295914940098F752 /* TabsViewModel.swift in Sources */ = {isa = PBXBuildFile; fileRef = CD916B62295914940098F752 /* TabsViewModel.swift */; };
		CD916B65295914E80098F752 /* PinHelper.swift in Sources */ = {isa = PBXBuildFile; fileRef = CD916B64295914E80098F752 /* PinHelper.swift */; };
		CDCC0985295737D3001CDA4D /* ShowDetailsViewController.swift in Sources */ = {isa = PBXBuildFile; fileRef = CDCC0984295737D3001CDA4D /* ShowDetailsViewController.swift */; };
		CDCC09872957383A001CDA4D /* ShowDetailsViewModel.swift in Sources */ = {isa = PBXBuildFile; fileRef = CDCC09862957383A001CDA4D /* ShowDetailsViewModel.swift */; };
		CDCC098929573B11001CDA4D /* Schedule.swift in Sources */ = {isa = PBXBuildFile; fileRef = CDCC098829573B11001CDA4D /* Schedule.swift */; };
		CDCC098B29573BE0001CDA4D /* ChipView.swift in Sources */ = {isa = PBXBuildFile; fileRef = CDCC098A29573BE0001CDA4D /* ChipView.swift */; };
		CDCC098D2957421D001CDA4D /* UIColor+Extensions.swift in Sources */ = {isa = PBXBuildFile; fileRef = CDCC098C2957421D001CDA4D /* UIColor+Extensions.swift */; };
		CDCC098F29575AE4001CDA4D /* ShowDetailsCell.swift in Sources */ = {isa = PBXBuildFile; fileRef = CDCC098E29575AE4001CDA4D /* ShowDetailsCell.swift */; };
		CDCC099129575BF6001CDA4D /* ShowDetailsCellViewModel.swift in Sources */ = {isa = PBXBuildFile; fileRef = CDCC099029575BF6001CDA4D /* ShowDetailsCellViewModel.swift */; };
		CDCC099329576237001CDA4D /* Episode.swift in Sources */ = {isa = PBXBuildFile; fileRef = CDCC099229576237001CDA4D /* Episode.swift */; };
		CDCC0995295768B2001CDA4D /* SeasonsCell.swift in Sources */ = {isa = PBXBuildFile; fileRef = CDCC0994295768B2001CDA4D /* SeasonsCell.swift */; };
		CDCC099729576D20001CDA4D /* ChipButtonView.swift in Sources */ = {isa = PBXBuildFile; fileRef = CDCC099629576D20001CDA4D /* ChipButtonView.swift */; };
/* End PBXBuildFile section */

/* Begin PBXContainerItemProxy section */
		CD163DF829565F0B0009C43F /* PBXContainerItemProxy */ = {
			isa = PBXContainerItemProxy;
			containerPortal = CD163DD929565F0A0009C43F /* Project object */;
			proxyType = 1;
			remoteGlobalIDString = CD163DE029565F0A0009C43F;
			remoteInfo = "tv-series";
		};
		CD163E0229565F0B0009C43F /* PBXContainerItemProxy */ = {
			isa = PBXContainerItemProxy;
			containerPortal = CD163DD929565F0A0009C43F /* Project object */;
			proxyType = 1;
			remoteGlobalIDString = CD163DE029565F0A0009C43F;
			remoteInfo = "tv-series";
		};
/* End PBXContainerItemProxy section */

/* Begin PBXFileReference section */
		CD163DE129565F0A0009C43F /* tv-series.app */ = {isa = PBXFileReference; explicitFileType = wrapper.application; includeInIndex = 0; path = "tv-series.app"; sourceTree = BUILT_PRODUCTS_DIR; };
		CD163DE429565F0A0009C43F /* AppDelegate.swift */ = {isa = PBXFileReference; lastKnownFileType = sourcecode.swift; path = AppDelegate.swift; sourceTree = "<group>"; };
		CD163DE629565F0A0009C43F /* SceneDelegate.swift */ = {isa = PBXFileReference; lastKnownFileType = sourcecode.swift; path = SceneDelegate.swift; sourceTree = "<group>"; };
		CD163DE829565F0A0009C43F /* ShowsListViewController.swift */ = {isa = PBXFileReference; lastKnownFileType = sourcecode.swift; path = ShowsListViewController.swift; sourceTree = "<group>"; };
		CD163DED29565F0B0009C43F /* Assets.xcassets */ = {isa = PBXFileReference; lastKnownFileType = folder.assetcatalog; path = Assets.xcassets; sourceTree = "<group>"; };
		CD163DF029565F0B0009C43F /* Base */ = {isa = PBXFileReference; lastKnownFileType = file.storyboard; name = Base; path = Base.lproj/LaunchScreen.storyboard; sourceTree = "<group>"; };
		CD163DF229565F0B0009C43F /* Info.plist */ = {isa = PBXFileReference; lastKnownFileType = text.plist.xml; path = Info.plist; sourceTree = "<group>"; };
		CD163DF729565F0B0009C43F /* tv-seriesTests.xctest */ = {isa = PBXFileReference; explicitFileType = wrapper.cfbundle; includeInIndex = 0; path = "tv-seriesTests.xctest"; sourceTree = BUILT_PRODUCTS_DIR; };
		CD163DFB29565F0B0009C43F /* tv_seriesTests.swift */ = {isa = PBXFileReference; lastKnownFileType = sourcecode.swift; path = tv_seriesTests.swift; sourceTree = "<group>"; };
		CD163E0129565F0B0009C43F /* tv-seriesUITests.xctest */ = {isa = PBXFileReference; explicitFileType = wrapper.cfbundle; includeInIndex = 0; path = "tv-seriesUITests.xctest"; sourceTree = BUILT_PRODUCTS_DIR; };
		CD163E0529565F0B0009C43F /* tv_seriesUITests.swift */ = {isa = PBXFileReference; lastKnownFileType = sourcecode.swift; path = tv_seriesUITests.swift; sourceTree = "<group>"; };
		CD163E0729565F0B0009C43F /* tv_seriesUITestsLaunchTests.swift */ = {isa = PBXFileReference; lastKnownFileType = sourcecode.swift; path = tv_seriesUITestsLaunchTests.swift; sourceTree = "<group>"; };
		CD2E4A652959DFD700EE3341 /* People.swift */ = {isa = PBXFileReference; lastKnownFileType = sourcecode.swift; path = People.swift; sourceTree = "<group>"; };
		CD2E4A6C2959E08A00EE3341 /* PeopleListViewModel.swift */ = {isa = PBXFileReference; lastKnownFileType = sourcecode.swift; path = PeopleListViewModel.swift; sourceTree = "<group>"; };
		CD2E4A6E2959E22900EE3341 /* PeopleListViewController.swift */ = {isa = PBXFileReference; lastKnownFileType = sourcecode.swift; path = PeopleListViewController.swift; sourceTree = "<group>"; };
		CD2E4A702959E33D00EE3341 /* PeopleCell.swift */ = {isa = PBXFileReference; lastKnownFileType = sourcecode.swift; path = PeopleCell.swift; sourceTree = "<group>"; };
		CD2E4A722959E35D00EE3341 /* PeopleCellViewModel.swift */ = {isa = PBXFileReference; lastKnownFileType = sourcecode.swift; path = PeopleCellViewModel.swift; sourceTree = "<group>"; };
		CD2E4A742959E46600EE3341 /* Collection+Extensions.swift */ = {isa = PBXFileReference; lastKnownFileType = sourcecode.swift; path = "Collection+Extensions.swift"; sourceTree = "<group>"; };
		CD2E4A792959EEB900EE3341 /* PeopleDetailsViewController.swift */ = {isa = PBXFileReference; lastKnownFileType = sourcecode.swift; path = PeopleDetailsViewController.swift; sourceTree = "<group>"; };
		CD2E4A7B2959EEF000EE3341 /* PeopleDetailsViewModel.swift */ = {isa = PBXFileReference; lastKnownFileType = sourcecode.swift; path = PeopleDetailsViewModel.swift; sourceTree = "<group>"; };
		CD2E4A7D2959EFEF00EE3341 /* CastCredit.swift */ = {isa = PBXFileReference; lastKnownFileType = sourcecode.swift; path = CastCredit.swift; sourceTree = "<group>"; };
		CD2E4A84295A2AAB00EE3341 /* ThemeSettingsViewController.swift */ = {isa = PBXFileReference; lastKnownFileType = sourcecode.swift; path = ThemeSettingsViewController.swift; sourceTree = "<group>"; };
		CD2E4A86295A2AC000EE3341 /* ThemeSettingsViewModel.swift */ = {isa = PBXFileReference; lastKnownFileType = sourcecode.swift; path = ThemeSettingsViewModel.swift; sourceTree = "<group>"; };
		CD2E4A88295A2B6300EE3341 /* ThemeHelper.swift */ = {isa = PBXFileReference; lastKnownFileType = sourcecode.swift; path = ThemeHelper.swift; sourceTree = "<group>"; };
		CD2E4A8B295A34FC00EE3341 /* ShowsListViewModelTests.swift */ = {isa = PBXFileReference; lastKnownFileType = sourcecode.swift; path = ShowsListViewModelTests.swift; sourceTree = "<group>"; };
		CD2E4A8D295A3CDD00EE3341 /* ShowsListViewControllerTests.swift */ = {isa = PBXFileReference; lastKnownFileType = sourcecode.swift; path = ShowsListViewControllerTests.swift; sourceTree = "<group>"; };
		CD2E4A90295A483400EE3341 /* ShowsManagerTests.swift */ = {isa = PBXFileReference; lastKnownFileType = sourcecode.swift; path = ShowsManagerTests.swift; sourceTree = "<group>"; };
		CD361F502956855A00D86A32 /* ShowsListViewModel.swift */ = {isa = PBXFileReference; lastKnownFileType = sourcecode.swift; path = ShowsListViewModel.swift; sourceTree = "<group>"; };
		CD361F56295685E600D86A32 /* Endpoints.swift */ = {isa = PBXFileReference; lastKnownFileType = sourcecode.swift; path = Endpoints.swift; sourceTree = "<group>"; };
		CD361F582956885000D86A32 /* Show.swift */ = {isa = PBXFileReference; lastKnownFileType = sourcecode.swift; path = Show.swift; sourceTree = "<group>"; };
		CD361F5A29568B5700D86A32 /* ShowCell.swift */ = {isa = PBXFileReference; lastKnownFileType = sourcecode.swift; path = ShowCell.swift; sourceTree = "<group>"; };
		CD361F5C29568B9300D86A32 /* ShowCellViewModel.swift */ = {isa = PBXFileReference; lastKnownFileType = sourcecode.swift; path = ShowCellViewModel.swift; sourceTree = "<group>"; };
		CD361F5E29568C6A00D86A32 /* UIImageView+Extensions.swift */ = {isa = PBXFileReference; lastKnownFileType = sourcecode.swift; path = "UIImageView+Extensions.swift"; sourceTree = "<group>"; };
		CD361F61295693CD00D86A32 /* LoadingCell.swift */ = {isa = PBXFileReference; lastKnownFileType = sourcecode.swift; path = LoadingCell.swift; sourceTree = "<group>"; };
		CD361F632957251900D86A32 /* SearchResult.swift */ = {isa = PBXFileReference; lastKnownFileType = sourcecode.swift; path = SearchResult.swift; sourceTree = "<group>"; };
		CD916B2A295775510098F752 /* EpisodeCell.swift */ = {isa = PBXFileReference; lastKnownFileType = sourcecode.swift; path = EpisodeCell.swift; sourceTree = "<group>"; };
		CD916B2C295775B40098F752 /* EpisodeCellViewModel.swift */ = {isa = PBXFileReference; lastKnownFileType = sourcecode.swift; path = EpisodeCellViewModel.swift; sourceTree = "<group>"; };
		CD916B2E295789D10098F752 /* Image.swift */ = {isa = PBXFileReference; lastKnownFileType = sourcecode.swift; path = Image.swift; sourceTree = "<group>"; };
		CD916B32295794DD0098F752 /* EpisodeDetailsViewController.swift */ = {isa = PBXFileReference; lastKnownFileType = sourcecode.swift; path = EpisodeDetailsViewController.swift; sourceTree = "<group>"; };
		CD916B35295795180098F752 /* EpisodeDetailsViewModel.swift */ = {isa = PBXFileReference; lastKnownFileType = sourcecode.swift; path = EpisodeDetailsViewModel.swift; sourceTree = "<group>"; };
		CD916B37295798B80098F752 /* NSAttributedString+Extensions.swift */ = {isa = PBXFileReference; lastKnownFileType = sourcecode.swift; path = "NSAttributedString+Extensions.swift"; sourceTree = "<group>"; };
		CD916B3A2957A2480098F752 /* TabsViewController.swift */ = {isa = PBXFileReference; lastKnownFileType = sourcecode.swift; path = TabsViewController.swift; sourceTree = "<group>"; };
		CD916B3C2957A43D0098F752 /* FavoriteListViewController.swift */ = {isa = PBXFileReference; lastKnownFileType = sourcecode.swift; path = FavoriteListViewController.swift; sourceTree = "<group>"; };
		CD916B412957A4890098F752 /* FavoriteListViewModel.swift */ = {isa = PBXFileReference; lastKnownFileType = sourcecode.swift; path = FavoriteListViewModel.swift; sourceTree = "<group>"; };
		CD916B432957A5430098F752 /* ShowsManager.swift */ = {isa = PBXFileReference; lastKnownFileType = sourcecode.swift; path = ShowsManager.swift; sourceTree = "<group>"; };
		CD916B452958E9EF0098F752 /* Notifications.swift */ = {isa = PBXFileReference; lastKnownFileType = sourcecode.swift; path = Notifications.swift; sourceTree = "<group>"; };
		CD916B4A2958EE650098F752 /* SettingsViewController.swift */ = {isa = PBXFileReference; lastKnownFileType = sourcecode.swift; path = SettingsViewController.swift; sourceTree = "<group>"; };
		CD916B4C2958EFC30098F752 /* SettingsViewModel.swift */ = {isa = PBXFileReference; lastKnownFileType = sourcecode.swift; path = SettingsViewModel.swift; sourceTree = "<group>"; };
		CD916B512958F2E10098F752 /* PinViewController.swift */ = {isa = PBXFileReference; lastKnownFileType = sourcecode.swift; path = PinViewController.swift; sourceTree = "<group>"; };
		CD916B552958F3F30098F752 /* PinViewModel.swift */ = {isa = PBXFileReference; lastKnownFileType = sourcecode.swift; path = PinViewModel.swift; sourceTree = "<group>"; };
		CD916B5A2958F6F90098F752 /* PinSettingsViewController.swift */ = {isa = PBXFileReference; lastKnownFileType = sourcecode.swift; path = PinSettingsViewController.swift; sourceTree = "<group>"; };
		CD916B5C2958F7310098F752 /* PinSettingsViewModel.swift */ = {isa = PBXFileReference; lastKnownFileType = sourcecode.swift; path = PinSettingsViewModel.swift; sourceTree = "<group>"; };
		CD916B5E2958FA5D0098F752 /* KeychainHelper.swift */ = {isa = PBXFileReference; lastKnownFileType = sourcecode.swift; path = KeychainHelper.swift; sourceTree = "<group>"; };
		CD916B6029590FD90098F752 /* PinTextField.swift */ = {isa = PBXFileReference; lastKnownFileType = sourcecode.swift; path = PinTextField.swift; sourceTree = "<group>"; };
		CD916B62295914940098F752 /* TabsViewModel.swift */ = {isa = PBXFileReference; lastKnownFileType = sourcecode.swift; path = TabsViewModel.swift; sourceTree = "<group>"; };
		CD916B64295914E80098F752 /* PinHelper.swift */ = {isa = PBXFileReference; lastKnownFileType = sourcecode.swift; path = PinHelper.swift; sourceTree = "<group>"; };
		CDCC0984295737D3001CDA4D /* ShowDetailsViewController.swift */ = {isa = PBXFileReference; lastKnownFileType = sourcecode.swift; path = ShowDetailsViewController.swift; sourceTree = "<group>"; };
		CDCC09862957383A001CDA4D /* ShowDetailsViewModel.swift */ = {isa = PBXFileReference; lastKnownFileType = sourcecode.swift; path = ShowDetailsViewModel.swift; sourceTree = "<group>"; };
		CDCC098829573B11001CDA4D /* Schedule.swift */ = {isa = PBXFileReference; lastKnownFileType = sourcecode.swift; path = Schedule.swift; sourceTree = "<group>"; };
		CDCC098A29573BE0001CDA4D /* ChipView.swift */ = {isa = PBXFileReference; lastKnownFileType = sourcecode.swift; path = ChipView.swift; sourceTree = "<group>"; };
		CDCC098C2957421D001CDA4D /* UIColor+Extensions.swift */ = {isa = PBXFileReference; lastKnownFileType = sourcecode.swift; path = "UIColor+Extensions.swift"; sourceTree = "<group>"; };
		CDCC098E29575AE4001CDA4D /* ShowDetailsCell.swift */ = {isa = PBXFileReference; lastKnownFileType = sourcecode.swift; path = ShowDetailsCell.swift; sourceTree = "<group>"; };
		CDCC099029575BF6001CDA4D /* ShowDetailsCellViewModel.swift */ = {isa = PBXFileReference; lastKnownFileType = sourcecode.swift; path = ShowDetailsCellViewModel.swift; sourceTree = "<group>"; };
		CDCC099229576237001CDA4D /* Episode.swift */ = {isa = PBXFileReference; lastKnownFileType = sourcecode.swift; path = Episode.swift; sourceTree = "<group>"; };
		CDCC0994295768B2001CDA4D /* SeasonsCell.swift */ = {isa = PBXFileReference; lastKnownFileType = sourcecode.swift; path = SeasonsCell.swift; sourceTree = "<group>"; };
		CDCC099629576D20001CDA4D /* ChipButtonView.swift */ = {isa = PBXFileReference; lastKnownFileType = sourcecode.swift; path = ChipButtonView.swift; sourceTree = "<group>"; };
/* End PBXFileReference section */

/* Begin PBXFrameworksBuildPhase section */
		CD163DDE29565F0A0009C43F /* Frameworks */ = {
			isa = PBXFrameworksBuildPhase;
			buildActionMask = 2147483647;
			files = (
			);
			runOnlyForDeploymentPostprocessing = 0;
		};
		CD163DF429565F0B0009C43F /* Frameworks */ = {
			isa = PBXFrameworksBuildPhase;
			buildActionMask = 2147483647;
			files = (
			);
			runOnlyForDeploymentPostprocessing = 0;
		};
		CD163DFE29565F0B0009C43F /* Frameworks */ = {
			isa = PBXFrameworksBuildPhase;
			buildActionMask = 2147483647;
			files = (
			);
			runOnlyForDeploymentPostprocessing = 0;
		};
/* End PBXFrameworksBuildPhase section */

/* Begin PBXGroup section */
		CD163DD829565F0A0009C43F = {
			isa = PBXGroup;
			children = (
				CD163DE329565F0A0009C43F /* tv-series */,
				CD163DFA29565F0B0009C43F /* tv-seriesTests */,
				CD163E0429565F0B0009C43F /* tv-seriesUITests */,
				CD163DE229565F0A0009C43F /* Products */,
			);
			sourceTree = "<group>";
		};
		CD163DE229565F0A0009C43F /* Products */ = {
			isa = PBXGroup;
			children = (
				CD163DE129565F0A0009C43F /* tv-series.app */,
				CD163DF729565F0B0009C43F /* tv-seriesTests.xctest */,
				CD163E0129565F0B0009C43F /* tv-seriesUITests.xctest */,
			);
			name = Products;
			sourceTree = "<group>";
		};
		CD163DE329565F0A0009C43F /* tv-series */ = {
			isa = PBXGroup;
			children = (
				CD163DE429565F0A0009C43F /* AppDelegate.swift */,
				CD163DE629565F0A0009C43F /* SceneDelegate.swift */,
				CD361F60295693BA00D86A32 /* Components */,
				CD916B30295794C50098F752 /* EpisodeDetails */,
				CD916B3E2957A4400098F752 /* FavoriteList */,
				CD361F53295685A800D86A32 /* Models */,
				CD2E4A692959E06600EE3341 /* PeopleList */,
				CD2E4A762959EE8100EE3341 /* PeopleDetails */,
				CD916B502958F2CE0098F752 /* Pin */,
				CD916B472958EE3F0098F752 /* Settings */,
				CD361F652957375800D86A32 /* ShowDetails */,
				CD163E1429565F110009C43F /* ShowsList */,
				CD916B392957A2380098F752 /* Tabs */,
				CD2E4A7F295A2A3B00EE3341 /* Theme */,
				CD361F522956859600D86A32 /* Utils */,
				CD163DED29565F0B0009C43F /* Assets.xcassets */,
				CD163DEF29565F0B0009C43F /* LaunchScreen.storyboard */,
				CD163DF229565F0B0009C43F /* Info.plist */,
			);
			path = "tv-series";
			sourceTree = "<group>";
		};
		CD163DFA29565F0B0009C43F /* tv-seriesTests */ = {
			isa = PBXGroup;
			children = (
				CD163DFB29565F0B0009C43F /* tv_seriesTests.swift */,
				CD2E4A8A295A34E400EE3341 /* ShowsList */,
				CD2E4A8F295A482100EE3341 /* Utils */,
			);
			path = "tv-seriesTests";
			sourceTree = "<group>";
		};
		CD163E0429565F0B0009C43F /* tv-seriesUITests */ = {
			isa = PBXGroup;
			children = (
				CD163E0529565F0B0009C43F /* tv_seriesUITests.swift */,
				CD163E0729565F0B0009C43F /* tv_seriesUITestsLaunchTests.swift */,
			);
			path = "tv-seriesUITests";
			sourceTree = "<group>";
		};
		CD163E1429565F110009C43F /* ShowsList */ = {
			isa = PBXGroup;
			children = (
				CD361F54295685AD00D86A32 /* Views */,
				CD361F55295685B300D86A32 /* ViewModels */,
			);
			path = ShowsList;
			sourceTree = "<group>";
		};
		CD2E4A692959E06600EE3341 /* PeopleList */ = {
			isa = PBXGroup;
			children = (
				CD2E4A6B2959E07400EE3341 /* Views */,
				CD2E4A6A2959E06F00EE3341 /* ViewModels */,
			);
			path = PeopleList;
			sourceTree = "<group>";
		};
		CD2E4A6A2959E06F00EE3341 /* ViewModels */ = {
			isa = PBXGroup;
			children = (
				CD2E4A6C2959E08A00EE3341 /* PeopleListViewModel.swift */,
				CD2E4A722959E35D00EE3341 /* PeopleCellViewModel.swift */,
			);
			path = ViewModels;
			sourceTree = "<group>";
		};
		CD2E4A6B2959E07400EE3341 /* Views */ = {
			isa = PBXGroup;
			children = (
				CD2E4A6E2959E22900EE3341 /* PeopleListViewController.swift */,
				CD2E4A702959E33D00EE3341 /* PeopleCell.swift */,
			);
			path = Views;
			sourceTree = "<group>";
		};
		CD2E4A762959EE8100EE3341 /* PeopleDetails */ = {
			isa = PBXGroup;
			children = (
				CD2E4A782959EE9E00EE3341 /* Views */,
				CD2E4A772959EE9900EE3341 /* ViewModels */,
			);
			path = PeopleDetails;
			sourceTree = "<group>";
		};
		CD2E4A772959EE9900EE3341 /* ViewModels */ = {
			isa = PBXGroup;
			children = (
				CD2E4A7B2959EEF000EE3341 /* PeopleDetailsViewModel.swift */,
			);
			path = ViewModels;
			sourceTree = "<group>";
		};
		CD2E4A782959EE9E00EE3341 /* Views */ = {
			isa = PBXGroup;
			children = (
				CD2E4A792959EEB900EE3341 /* PeopleDetailsViewController.swift */,
			);
			path = Views;
			sourceTree = "<group>";
		};
		CD2E4A7F295A2A3B00EE3341 /* Theme */ = {
			isa = PBXGroup;
			children = (
				CD2E4A83295A2A9E00EE3341 /* Views */,
				CD2E4A82295A2A9900EE3341 /* ViewModels */,
			);
			path = Theme;
			sourceTree = "<group>";
		};
		CD2E4A82295A2A9900EE3341 /* ViewModels */ = {
			isa = PBXGroup;
			children = (
				CD2E4A86295A2AC000EE3341 /* ThemeSettingsViewModel.swift */,
			);
			path = ViewModels;
			sourceTree = "<group>";
		};
		CD2E4A83295A2A9E00EE3341 /* Views */ = {
			isa = PBXGroup;
			children = (
				CD2E4A84295A2AAB00EE3341 /* ThemeSettingsViewController.swift */,
			);
			path = Views;
			sourceTree = "<group>";
		};
		CD2E4A8A295A34E400EE3341 /* ShowsList */ = {
			isa = PBXGroup;
			children = (
				CD2E4A8B295A34FC00EE3341 /* ShowsListViewModelTests.swift */,
				CD2E4A8D295A3CDD00EE3341 /* ShowsListViewControllerTests.swift */,
			);
			path = ShowsList;
			sourceTree = "<group>";
		};
		CD2E4A8F295A482100EE3341 /* Utils */ = {
			isa = PBXGroup;
			children = (
				CD2E4A90295A483400EE3341 /* ShowsManagerTests.swift */,
			);
			path = Utils;
			sourceTree = "<group>";
		};
		CD361F522956859600D86A32 /* Utils */ = {
			isa = PBXGroup;
			children = (
				CD2E4A742959E46600EE3341 /* Collection+Extensions.swift */,
				CD361F56295685E600D86A32 /* Endpoints.swift */,
				CD916B452958E9EF0098F752 /* Notifications.swift */,
				CD916B37295798B80098F752 /* NSAttributedString+Extensions.swift */,
				CD916B5E2958FA5D0098F752 /* KeychainHelper.swift */,
				CD916B64295914E80098F752 /* PinHelper.swift */,
				CD916B432957A5430098F752 /* ShowsManager.swift */,
				CD2E4A88295A2B6300EE3341 /* ThemeHelper.swift */,
				CD361F5E29568C6A00D86A32 /* UIImageView+Extensions.swift */,
				CDCC098C2957421D001CDA4D /* UIColor+Extensions.swift */,
			);
			path = Utils;
			sourceTree = "<group>";
		};
		CD361F53295685A800D86A32 /* Models */ = {
			isa = PBXGroup;
			children = (
				CD2E4A7D2959EFEF00EE3341 /* CastCredit.swift */,
				CDCC099229576237001CDA4D /* Episode.swift */,
				CD916B2E295789D10098F752 /* Image.swift */,
				CD2E4A652959DFD700EE3341 /* People.swift */,
				CDCC098829573B11001CDA4D /* Schedule.swift */,
				CD361F632957251900D86A32 /* SearchResult.swift */,
				CD361F582956885000D86A32 /* Show.swift */,
			);
			path = Models;
			sourceTree = "<group>";
		};
		CD361F54295685AD00D86A32 /* Views */ = {
			isa = PBXGroup;
			children = (
				CD163DE829565F0A0009C43F /* ShowsListViewController.swift */,
				CD361F5A29568B5700D86A32 /* ShowCell.swift */,
			);
			path = Views;
			sourceTree = "<group>";
		};
		CD361F55295685B300D86A32 /* ViewModels */ = {
			isa = PBXGroup;
			children = (
				CD361F502956855A00D86A32 /* ShowsListViewModel.swift */,
				CD361F5C29568B9300D86A32 /* ShowCellViewModel.swift */,
			);
			path = ViewModels;
			sourceTree = "<group>";
		};
		CD361F60295693BA00D86A32 /* Components */ = {
			isa = PBXGroup;
			children = (
				CD361F61295693CD00D86A32 /* LoadingCell.swift */,
				CD916B6029590FD90098F752 /* PinTextField.swift */,
				CDCC098A29573BE0001CDA4D /* ChipView.swift */,
				CDCC099629576D20001CDA4D /* ChipButtonView.swift */,
			);
			path = Components;
			sourceTree = "<group>";
		};
		CD361F652957375800D86A32 /* ShowDetails */ = {
			isa = PBXGroup;
			children = (
				CD361F662957376200D86A32 /* Views */,
				CD361F672957376700D86A32 /* ViewModels */,
			);
			path = ShowDetails;
			sourceTree = "<group>";
		};
		CD361F662957376200D86A32 /* Views */ = {
			isa = PBXGroup;
			children = (
				CDCC0984295737D3001CDA4D /* ShowDetailsViewController.swift */,
				CDCC098E29575AE4001CDA4D /* ShowDetailsCell.swift */,
				CDCC0994295768B2001CDA4D /* SeasonsCell.swift */,
				CD916B2A295775510098F752 /* EpisodeCell.swift */,
			);
			path = Views;
			sourceTree = "<group>";
		};
		CD361F672957376700D86A32 /* ViewModels */ = {
			isa = PBXGroup;
			children = (
				CDCC09862957383A001CDA4D /* ShowDetailsViewModel.swift */,
				CDCC099029575BF6001CDA4D /* ShowDetailsCellViewModel.swift */,
				CD916B2C295775B40098F752 /* EpisodeCellViewModel.swift */,
			);
			path = ViewModels;
			sourceTree = "<group>";
		};
		CD916B30295794C50098F752 /* EpisodeDetails */ = {
			isa = PBXGroup;
			children = (
				CD916B31295794CF0098F752 /* Views */,
				CD916B34295795000098F752 /* ViewModels */,
			);
			path = EpisodeDetails;
			sourceTree = "<group>";
		};
		CD916B31295794CF0098F752 /* Views */ = {
			isa = PBXGroup;
			children = (
				CD916B32295794DD0098F752 /* EpisodeDetailsViewController.swift */,
			);
			path = Views;
			sourceTree = "<group>";
		};
		CD916B34295795000098F752 /* ViewModels */ = {
			isa = PBXGroup;
			children = (
				CD916B35295795180098F752 /* EpisodeDetailsViewModel.swift */,
			);
			path = ViewModels;
			sourceTree = "<group>";
		};
		CD916B392957A2380098F752 /* Tabs */ = {
			isa = PBXGroup;
			children = (
				CD916B3A2957A2480098F752 /* TabsViewController.swift */,
				CD916B62295914940098F752 /* TabsViewModel.swift */,
			);
			path = Tabs;
			sourceTree = "<group>";
		};
		CD916B3E2957A4400098F752 /* FavoriteList */ = {
			isa = PBXGroup;
			children = (
				CD916B3F2957A44C0098F752 /* Views */,
				CD916B402957A4500098F752 /* ViewModels */,
			);
			path = FavoriteList;
			sourceTree = "<group>";
		};
		CD916B3F2957A44C0098F752 /* Views */ = {
			isa = PBXGroup;
			children = (
				CD916B3C2957A43D0098F752 /* FavoriteListViewController.swift */,
			);
			path = Views;
			sourceTree = "<group>";
		};
		CD916B402957A4500098F752 /* ViewModels */ = {
			isa = PBXGroup;
			children = (
				CD916B412957A4890098F752 /* FavoriteListViewModel.swift */,
			);
			path = ViewModels;
			sourceTree = "<group>";
		};
		CD916B472958EE3F0098F752 /* Settings */ = {
			isa = PBXGroup;
			children = (
				CD916B492958EE5B0098F752 /* Views */,
				CD916B482958EE530098F752 /* ViewModels */,
			);
			path = Settings;
			sourceTree = "<group>";
		};
		CD916B482958EE530098F752 /* ViewModels */ = {
			isa = PBXGroup;
			children = (
				CD916B4C2958EFC30098F752 /* SettingsViewModel.swift */,
			);
			path = ViewModels;
			sourceTree = "<group>";
		};
		CD916B492958EE5B0098F752 /* Views */ = {
			isa = PBXGroup;
			children = (
				CD916B4A2958EE650098F752 /* SettingsViewController.swift */,
			);
			path = Views;
			sourceTree = "<group>";
		};
		CD916B502958F2CE0098F752 /* Pin */ = {
			isa = PBXGroup;
			children = (
				CD916B532958F3DB0098F752 /* Views */,
				CD916B542958F3E50098F752 /* ViewModels */,
			);
			path = Pin;
			sourceTree = "<group>";
		};
		CD916B532958F3DB0098F752 /* Views */ = {
			isa = PBXGroup;
			children = (
				CD916B512958F2E10098F752 /* PinViewController.swift */,
				CD916B5A2958F6F90098F752 /* PinSettingsViewController.swift */,
			);
			path = Views;
			sourceTree = "<group>";
		};
		CD916B542958F3E50098F752 /* ViewModels */ = {
			isa = PBXGroup;
			children = (
				CD916B552958F3F30098F752 /* PinViewModel.swift */,
				CD916B5C2958F7310098F752 /* PinSettingsViewModel.swift */,
			);
			path = ViewModels;
			sourceTree = "<group>";
		};
/* End PBXGroup section */

/* Begin PBXNativeTarget section */
		CD163DE029565F0A0009C43F /* tv-series */ = {
			isa = PBXNativeTarget;
			buildConfigurationList = CD163E0B29565F0B0009C43F /* Build configuration list for PBXNativeTarget "tv-series" */;
			buildPhases = (
				CD163DDD29565F0A0009C43F /* Sources */,
				CD163DDE29565F0A0009C43F /* Frameworks */,
				CD163DDF29565F0A0009C43F /* Resources */,
			);
			buildRules = (
			);
			dependencies = (
			);
			name = "tv-series";
			packageProductDependencies = (
			);
			productName = "tv-series";
			productReference = CD163DE129565F0A0009C43F /* tv-series.app */;
			productType = "com.apple.product-type.application";
		};
		CD163DF629565F0B0009C43F /* tv-seriesTests */ = {
			isa = PBXNativeTarget;
			buildConfigurationList = CD163E0E29565F0B0009C43F /* Build configuration list for PBXNativeTarget "tv-seriesTests" */;
			buildPhases = (
				CD163DF329565F0B0009C43F /* Sources */,
				CD163DF429565F0B0009C43F /* Frameworks */,
				CD163DF529565F0B0009C43F /* Resources */,
			);
			buildRules = (
			);
			dependencies = (
				CD163DF929565F0B0009C43F /* PBXTargetDependency */,
			);
			name = "tv-seriesTests";
			productName = "tv-seriesTests";
			productReference = CD163DF729565F0B0009C43F /* tv-seriesTests.xctest */;
			productType = "com.apple.product-type.bundle.unit-test";
		};
		CD163E0029565F0B0009C43F /* tv-seriesUITests */ = {
			isa = PBXNativeTarget;
			buildConfigurationList = CD163E1129565F0B0009C43F /* Build configuration list for PBXNativeTarget "tv-seriesUITests" */;
			buildPhases = (
				CD163DFD29565F0B0009C43F /* Sources */,
				CD163DFE29565F0B0009C43F /* Frameworks */,
				CD163DFF29565F0B0009C43F /* Resources */,
			);
			buildRules = (
			);
			dependencies = (
				CD163E0329565F0B0009C43F /* PBXTargetDependency */,
			);
			name = "tv-seriesUITests";
			productName = "tv-seriesUITests";
			productReference = CD163E0129565F0B0009C43F /* tv-seriesUITests.xctest */;
			productType = "com.apple.product-type.bundle.ui-testing";
		};
/* End PBXNativeTarget section */

/* Begin PBXProject section */
		CD163DD929565F0A0009C43F /* Project object */ = {
			isa = PBXProject;
			attributes = {
				BuildIndependentTargetsInParallel = 1;
				LastSwiftUpdateCheck = 1400;
				LastUpgradeCheck = 1400;
				TargetAttributes = {
					CD163DE029565F0A0009C43F = {
						CreatedOnToolsVersion = 14.0;
					};
					CD163DF629565F0B0009C43F = {
						CreatedOnToolsVersion = 14.0;
						TestTargetID = CD163DE029565F0A0009C43F;
					};
					CD163E0029565F0B0009C43F = {
						CreatedOnToolsVersion = 14.0;
						TestTargetID = CD163DE029565F0A0009C43F;
					};
				};
			};
			buildConfigurationList = CD163DDC29565F0A0009C43F /* Build configuration list for PBXProject "tv-series" */;
			compatibilityVersion = "Xcode 14.0";
			developmentRegion = en;
			hasScannedForEncodings = 0;
			knownRegions = (
				en,
				Base,
			);
			mainGroup = CD163DD829565F0A0009C43F;
			packageReferences = (
			);
			productRefGroup = CD163DE229565F0A0009C43F /* Products */;
			projectDirPath = "";
			projectRoot = "";
			targets = (
				CD163DE029565F0A0009C43F /* tv-series */,
				CD163DF629565F0B0009C43F /* tv-seriesTests */,
				CD163E0029565F0B0009C43F /* tv-seriesUITests */,
			);
		};
/* End PBXProject section */

/* Begin PBXResourcesBuildPhase section */
		CD163DDF29565F0A0009C43F /* Resources */ = {
			isa = PBXResourcesBuildPhase;
			buildActionMask = 2147483647;
			files = (
				CD163DF129565F0B0009C43F /* LaunchScreen.storyboard in Resources */,
				CD163DEE29565F0B0009C43F /* Assets.xcassets in Resources */,
			);
			runOnlyForDeploymentPostprocessing = 0;
		};
		CD163DF529565F0B0009C43F /* Resources */ = {
			isa = PBXResourcesBuildPhase;
			buildActionMask = 2147483647;
			files = (
			);
			runOnlyForDeploymentPostprocessing = 0;
		};
		CD163DFF29565F0B0009C43F /* Resources */ = {
			isa = PBXResourcesBuildPhase;
			buildActionMask = 2147483647;
			files = (
			);
			runOnlyForDeploymentPostprocessing = 0;
		};
/* End PBXResourcesBuildPhase section */

/* Begin PBXSourcesBuildPhase section */
		CD163DDD29565F0A0009C43F /* Sources */ = {
			isa = PBXSourcesBuildPhase;
			buildActionMask = 2147483647;
			files = (
				CD361F642957251900D86A32 /* SearchResult.swift in Sources */,
				CD916B442957A5430098F752 /* ShowsManager.swift in Sources */,
				CD916B4B2958EE650098F752 /* SettingsViewController.swift in Sources */,
				CD2E4A6F2959E22900EE3341 /* PeopleListViewController.swift in Sources */,
				CD916B2F295789D10098F752 /* Image.swift in Sources */,
				CD2E4A85295A2AAB00EE3341 /* ThemeSettingsViewController.swift in Sources */,
				CDCC099329576237001CDA4D /* Episode.swift in Sources */,
				CD916B2D295775B40098F752 /* EpisodeCellViewModel.swift in Sources */,
				CD361F592956885000D86A32 /* Show.swift in Sources */,
				CD2E4A89295A2B6300EE3341 /* ThemeHelper.swift in Sources */,
				CD2E4A6D2959E08A00EE3341 /* PeopleListViewModel.swift in Sources */,
				CD2E4A752959E46600EE3341 /* Collection+Extensions.swift in Sources */,
				CD916B2B295775510098F752 /* EpisodeCell.swift in Sources */,
				CD916B63295914940098F752 /* TabsViewModel.swift in Sources */,
				CD916B562958F3F30098F752 /* PinViewModel.swift in Sources */,
				CDCC099129575BF6001CDA4D /* ShowDetailsCellViewModel.swift in Sources */,
				CD916B65295914E80098F752 /* PinHelper.swift in Sources */,
				CD916B462958E9EF0098F752 /* Notifications.swift in Sources */,
				CD916B36295795180098F752 /* EpisodeDetailsViewModel.swift in Sources */,
				CD916B3B2957A2480098F752 /* TabsViewController.swift in Sources */,
				CD916B6129590FD90098F752 /* PinTextField.swift in Sources */,
				CDCC098B29573BE0001CDA4D /* ChipView.swift in Sources */,
				CD163DE929565F0A0009C43F /* ShowsListViewController.swift in Sources */,
				CD916B5D2958F7310098F752 /* PinSettingsViewModel.swift in Sources */,
				CD2E4A732959E35D00EE3341 /* PeopleCellViewModel.swift in Sources */,
				CD916B38295798B80098F752 /* NSAttributedString+Extensions.swift in Sources */,
				CD916B422957A4890098F752 /* FavoriteListViewModel.swift in Sources */,
				CD916B3D2957A43D0098F752 /* FavoriteListViewController.swift in Sources */,
				CD163DE529565F0A0009C43F /* AppDelegate.swift in Sources */,
				CDCC098D2957421D001CDA4D /* UIColor+Extensions.swift in Sources */,
				CDCC0985295737D3001CDA4D /* ShowDetailsViewController.swift in Sources */,
				CD361F5F29568C6A00D86A32 /* UIImageView+Extensions.swift in Sources */,
				CD916B33295794DD0098F752 /* EpisodeDetailsViewController.swift in Sources */,
				CD2E4A7C2959EEF000EE3341 /* PeopleDetailsViewModel.swift in Sources */,
				CD2E4A712959E33D00EE3341 /* PeopleCell.swift in Sources */,
				CD2E4A7E2959EFEF00EE3341 /* CastCredit.swift in Sources */,
				CD2E4A7A2959EEB900EE3341 /* PeopleDetailsViewController.swift in Sources */,
				CD361F62295693CD00D86A32 /* LoadingCell.swift in Sources */,
				CD916B522958F2E10098F752 /* PinViewController.swift in Sources */,
				CD361F5B29568B5700D86A32 /* ShowCell.swift in Sources */,
				CD163DE729565F0A0009C43F /* SceneDelegate.swift in Sources */,
				CD916B4D2958EFC30098F752 /* SettingsViewModel.swift in Sources */,
				CD916B5B2958F6F90098F752 /* PinSettingsViewController.swift in Sources */,
				CD361F512956855A00D86A32 /* ShowsListViewModel.swift in Sources */,
				CD361F57295685E600D86A32 /* Endpoints.swift in Sources */,
				CDCC098F29575AE4001CDA4D /* ShowDetailsCell.swift in Sources */,
				CDCC0995295768B2001CDA4D /* SeasonsCell.swift in Sources */,
				CD916B5F2958FA5D0098F752 /* KeychainHelper.swift in Sources */,
				CD361F5D29568B9300D86A32 /* ShowCellViewModel.swift in Sources */,
				CD2E4A87295A2AC000EE3341 /* ThemeSettingsViewModel.swift in Sources */,
				CDCC098929573B11001CDA4D /* Schedule.swift in Sources */,
				CDCC09872957383A001CDA4D /* ShowDetailsViewModel.swift in Sources */,
				CD2E4A662959DFD700EE3341 /* People.swift in Sources */,
				CDCC099729576D20001CDA4D /* ChipButtonView.swift in Sources */,
			);
			runOnlyForDeploymentPostprocessing = 0;
		};
		CD163DF329565F0B0009C43F /* Sources */ = {
			isa = PBXSourcesBuildPhase;
			buildActionMask = 2147483647;
			files = (
				CD2E4A91295A483400EE3341 /* ShowsManagerTests.swift in Sources */,
				CD163DFC29565F0B0009C43F /* tv_seriesTests.swift in Sources */,
				CD2E4A8C295A34FC00EE3341 /* ShowsListViewModelTests.swift in Sources */,
				CD2E4A8E295A3CDD00EE3341 /* ShowsListViewControllerTests.swift in Sources */,
			);
			runOnlyForDeploymentPostprocessing = 0;
		};
		CD163DFD29565F0B0009C43F /* Sources */ = {
			isa = PBXSourcesBuildPhase;
			buildActionMask = 2147483647;
			files = (
				CD163E0629565F0B0009C43F /* tv_seriesUITests.swift in Sources */,
				CD163E0829565F0B0009C43F /* tv_seriesUITestsLaunchTests.swift in Sources */,
			);
			runOnlyForDeploymentPostprocessing = 0;
		};
/* End PBXSourcesBuildPhase section */

/* Begin PBXTargetDependency section */
		CD163DF929565F0B0009C43F /* PBXTargetDependency */ = {
			isa = PBXTargetDependency;
			target = CD163DE029565F0A0009C43F /* tv-series */;
			targetProxy = CD163DF829565F0B0009C43F /* PBXContainerItemProxy */;
		};
		CD163E0329565F0B0009C43F /* PBXTargetDependency */ = {
			isa = PBXTargetDependency;
			target = CD163DE029565F0A0009C43F /* tv-series */;
			targetProxy = CD163E0229565F0B0009C43F /* PBXContainerItemProxy */;
		};
/* End PBXTargetDependency section */

/* Begin PBXVariantGroup section */
		CD163DEF29565F0B0009C43F /* LaunchScreen.storyboard */ = {
			isa = PBXVariantGroup;
			children = (
				CD163DF029565F0B0009C43F /* Base */,
			);
			name = LaunchScreen.storyboard;
			sourceTree = "<group>";
		};
/* End PBXVariantGroup section */

/* Begin XCBuildConfiguration section */
		CD163E0929565F0B0009C43F /* Debug */ = {
			isa = XCBuildConfiguration;
			buildSettings = {
				ALWAYS_SEARCH_USER_PATHS = NO;
				CLANG_ANALYZER_NONNULL = YES;
				CLANG_ANALYZER_NUMBER_OBJECT_CONVERSION = YES_AGGRESSIVE;
				CLANG_CXX_LANGUAGE_STANDARD = "gnu++20";
				CLANG_ENABLE_MODULES = YES;
				CLANG_ENABLE_OBJC_ARC = YES;
				CLANG_ENABLE_OBJC_WEAK = YES;
				CLANG_WARN_BLOCK_CAPTURE_AUTORELEASING = YES;
				CLANG_WARN_BOOL_CONVERSION = YES;
				CLANG_WARN_COMMA = YES;
				CLANG_WARN_CONSTANT_CONVERSION = YES;
				CLANG_WARN_DEPRECATED_OBJC_IMPLEMENTATIONS = YES;
				CLANG_WARN_DIRECT_OBJC_ISA_USAGE = YES_ERROR;
				CLANG_WARN_DOCUMENTATION_COMMENTS = YES;
				CLANG_WARN_EMPTY_BODY = YES;
				CLANG_WARN_ENUM_CONVERSION = YES;
				CLANG_WARN_INFINITE_RECURSION = YES;
				CLANG_WARN_INT_CONVERSION = YES;
				CLANG_WARN_NON_LITERAL_NULL_CONVERSION = YES;
				CLANG_WARN_OBJC_IMPLICIT_RETAIN_SELF = YES;
				CLANG_WARN_OBJC_LITERAL_CONVERSION = YES;
				CLANG_WARN_OBJC_ROOT_CLASS = YES_ERROR;
				CLANG_WARN_QUOTED_INCLUDE_IN_FRAMEWORK_HEADER = YES;
				CLANG_WARN_RANGE_LOOP_ANALYSIS = YES;
				CLANG_WARN_STRICT_PROTOTYPES = YES;
				CLANG_WARN_SUSPICIOUS_MOVE = YES;
				CLANG_WARN_UNGUARDED_AVAILABILITY = YES_AGGRESSIVE;
				CLANG_WARN_UNREACHABLE_CODE = YES;
				CLANG_WARN__DUPLICATE_METHOD_MATCH = YES;
				COPY_PHASE_STRIP = NO;
				DEBUG_INFORMATION_FORMAT = dwarf;
				ENABLE_STRICT_OBJC_MSGSEND = YES;
				ENABLE_TESTABILITY = YES;
				GCC_C_LANGUAGE_STANDARD = gnu11;
				GCC_DYNAMIC_NO_PIC = NO;
				GCC_NO_COMMON_BLOCKS = YES;
				GCC_OPTIMIZATION_LEVEL = 0;
				GCC_PREPROCESSOR_DEFINITIONS = (
					"DEBUG=1",
					"$(inherited)",
				);
				GCC_WARN_64_TO_32_BIT_CONVERSION = YES;
				GCC_WARN_ABOUT_RETURN_TYPE = YES_ERROR;
				GCC_WARN_UNDECLARED_SELECTOR = YES;
				GCC_WARN_UNINITIALIZED_AUTOS = YES_AGGRESSIVE;
				GCC_WARN_UNUSED_FUNCTION = YES;
				GCC_WARN_UNUSED_VARIABLE = YES;
				IPHONEOS_DEPLOYMENT_TARGET = 16.0;
				MTL_ENABLE_DEBUG_INFO = INCLUDE_SOURCE;
				MTL_FAST_MATH = YES;
				ONLY_ACTIVE_ARCH = YES;
				SDKROOT = iphoneos;
				SWIFT_ACTIVE_COMPILATION_CONDITIONS = DEBUG;
				SWIFT_OPTIMIZATION_LEVEL = "-Onone";
			};
			name = Debug;
		};
		CD163E0A29565F0B0009C43F /* Release */ = {
			isa = XCBuildConfiguration;
			buildSettings = {
				ALWAYS_SEARCH_USER_PATHS = NO;
				CLANG_ANALYZER_NONNULL = YES;
				CLANG_ANALYZER_NUMBER_OBJECT_CONVERSION = YES_AGGRESSIVE;
				CLANG_CXX_LANGUAGE_STANDARD = "gnu++20";
				CLANG_ENABLE_MODULES = YES;
				CLANG_ENABLE_OBJC_ARC = YES;
				CLANG_ENABLE_OBJC_WEAK = YES;
				CLANG_WARN_BLOCK_CAPTURE_AUTORELEASING = YES;
				CLANG_WARN_BOOL_CONVERSION = YES;
				CLANG_WARN_COMMA = YES;
				CLANG_WARN_CONSTANT_CONVERSION = YES;
				CLANG_WARN_DEPRECATED_OBJC_IMPLEMENTATIONS = YES;
				CLANG_WARN_DIRECT_OBJC_ISA_USAGE = YES_ERROR;
				CLANG_WARN_DOCUMENTATION_COMMENTS = YES;
				CLANG_WARN_EMPTY_BODY = YES;
				CLANG_WARN_ENUM_CONVERSION = YES;
				CLANG_WARN_INFINITE_RECURSION = YES;
				CLANG_WARN_INT_CONVERSION = YES;
				CLANG_WARN_NON_LITERAL_NULL_CONVERSION = YES;
				CLANG_WARN_OBJC_IMPLICIT_RETAIN_SELF = YES;
				CLANG_WARN_OBJC_LITERAL_CONVERSION = YES;
				CLANG_WARN_OBJC_ROOT_CLASS = YES_ERROR;
				CLANG_WARN_QUOTED_INCLUDE_IN_FRAMEWORK_HEADER = YES;
				CLANG_WARN_RANGE_LOOP_ANALYSIS = YES;
				CLANG_WARN_STRICT_PROTOTYPES = YES;
				CLANG_WARN_SUSPICIOUS_MOVE = YES;
				CLANG_WARN_UNGUARDED_AVAILABILITY = YES_AGGRESSIVE;
				CLANG_WARN_UNREACHABLE_CODE = YES;
				CLANG_WARN__DUPLICATE_METHOD_MATCH = YES;
				COPY_PHASE_STRIP = NO;
				DEBUG_INFORMATION_FORMAT = "dwarf-with-dsym";
				ENABLE_NS_ASSERTIONS = NO;
				ENABLE_STRICT_OBJC_MSGSEND = YES;
				GCC_C_LANGUAGE_STANDARD = gnu11;
				GCC_NO_COMMON_BLOCKS = YES;
				GCC_WARN_64_TO_32_BIT_CONVERSION = YES;
				GCC_WARN_ABOUT_RETURN_TYPE = YES_ERROR;
				GCC_WARN_UNDECLARED_SELECTOR = YES;
				GCC_WARN_UNINITIALIZED_AUTOS = YES_AGGRESSIVE;
				GCC_WARN_UNUSED_FUNCTION = YES;
				GCC_WARN_UNUSED_VARIABLE = YES;
				IPHONEOS_DEPLOYMENT_TARGET = 16.0;
				MTL_ENABLE_DEBUG_INFO = NO;
				MTL_FAST_MATH = YES;
				SDKROOT = iphoneos;
				SWIFT_COMPILATION_MODE = wholemodule;
				SWIFT_OPTIMIZATION_LEVEL = "-O";
				VALIDATE_PRODUCT = YES;
			};
			name = Release;
		};
		CD163E0C29565F0B0009C43F /* Debug */ = {
			isa = XCBuildConfiguration;
			buildSettings = {
				ASSETCATALOG_COMPILER_APPICON_NAME = AppIcon;
				ASSETCATALOG_COMPILER_GLOBAL_ACCENT_COLOR_NAME = AccentColor;
				CODE_SIGN_IDENTITY = "Apple Development";
				CODE_SIGN_STYLE = Automatic;
				CURRENT_PROJECT_VERSION = 1;
				DEVELOPMENT_TEAM = 6J86C6MHA9;
				GENERATE_INFOPLIST_FILE = YES;
				INFOPLIST_FILE = "tv-series/Info.plist";
				INFOPLIST_KEY_UIApplicationSupportsIndirectInputEvents = YES;
				INFOPLIST_KEY_UILaunchStoryboardName = LaunchScreen;
				INFOPLIST_KEY_UIMainStoryboardFile = "";
				INFOPLIST_KEY_UISupportedInterfaceOrientations_iPad = "UIInterfaceOrientationPortrait UIInterfaceOrientationPortraitUpsideDown UIInterfaceOrientationLandscapeLeft UIInterfaceOrientationLandscapeRight";
				INFOPLIST_KEY_UISupportedInterfaceOrientations_iPhone = "UIInterfaceOrientationPortrait UIInterfaceOrientationLandscapeLeft UIInterfaceOrientationLandscapeRight";
				IPHONEOS_DEPLOYMENT_TARGET = 16.0;
				LD_RUNPATH_SEARCH_PATHS = (
					"$(inherited)",
					"@executable_path/Frameworks",
				);
				MARKETING_VERSION = 0.0.1;
				PRODUCT_BUNDLE_IDENTIFIER = "fasl.tv-series";
				PRODUCT_NAME = "$(TARGET_NAME)";
				PROVISIONING_PROFILE_SPECIFIER = "";
				SWIFT_EMIT_LOC_STRINGS = YES;
				SWIFT_VERSION = 5.0;
				TARGETED_DEVICE_FAMILY = "1,2";
			};
			name = Debug;
		};
		CD163E0D29565F0B0009C43F /* Release */ = {
			isa = XCBuildConfiguration;
			buildSettings = {
				ASSETCATALOG_COMPILER_APPICON_NAME = AppIcon;
				ASSETCATALOG_COMPILER_GLOBAL_ACCENT_COLOR_NAME = AccentColor;
				CODE_SIGN_IDENTITY = "Apple Development";
				CODE_SIGN_STYLE = Automatic;
				CURRENT_PROJECT_VERSION = 1;
				DEVELOPMENT_TEAM = 6J86C6MHA9;
				GENERATE_INFOPLIST_FILE = YES;
				INFOPLIST_FILE = "tv-series/Info.plist";
				INFOPLIST_KEY_UIApplicationSupportsIndirectInputEvents = YES;
				INFOPLIST_KEY_UILaunchStoryboardName = LaunchScreen;
				INFOPLIST_KEY_UIMainStoryboardFile = "";
				INFOPLIST_KEY_UISupportedInterfaceOrientations_iPad = "UIInterfaceOrientationPortrait UIInterfaceOrientationPortraitUpsideDown UIInterfaceOrientationLandscapeLeft UIInterfaceOrientationLandscapeRight";
				INFOPLIST_KEY_UISupportedInterfaceOrientations_iPhone = "UIInterfaceOrientationPortrait UIInterfaceOrientationLandscapeLeft UIInterfaceOrientationLandscapeRight";
				IPHONEOS_DEPLOYMENT_TARGET = 16.0;
				LD_RUNPATH_SEARCH_PATHS = (
					"$(inherited)",
					"@executable_path/Frameworks",
				);
				MARKETING_VERSION = 0.0.1;
				PRODUCT_BUNDLE_IDENTIFIER = "fasl.tv-series";
				PRODUCT_NAME = "$(TARGET_NAME)";
				PROVISIONING_PROFILE_SPECIFIER = "";
				SWIFT_EMIT_LOC_STRINGS = YES;
				SWIFT_VERSION = 5.0;
				TARGETED_DEVICE_FAMILY = "1,2";
			};
			name = Release;
		};
		CD163E0F29565F0B0009C43F /* Debug */ = {
			isa = XCBuildConfiguration;
			buildSettings = {
				ALWAYS_EMBED_SWIFT_STANDARD_LIBRARIES = YES;
				BUNDLE_LOADER = "$(TEST_HOST)";
				CODE_SIGN_STYLE = Automatic;
				CURRENT_PROJECT_VERSION = 1;
				DEVELOPMENT_TEAM = 6J86C6MHA9;
				GENERATE_INFOPLIST_FILE = YES;
				IPHONEOS_DEPLOYMENT_TARGET = 16.0;
				MARKETING_VERSION = 1.0;
				PRODUCT_BUNDLE_IDENTIFIER = "fasl.tv-seriesTests";
				PRODUCT_NAME = "$(TARGET_NAME)";
				SWIFT_EMIT_LOC_STRINGS = NO;
				SWIFT_VERSION = 5.0;
				TARGETED_DEVICE_FAMILY = "1,2";
				TEST_HOST = "$(BUILT_PRODUCTS_DIR)/tv-series.app/$(BUNDLE_EXECUTABLE_FOLDER_PATH)/tv-series";
			};
			name = Debug;
		};
		CD163E1029565F0B0009C43F /* Release */ = {
			isa = XCBuildConfiguration;
			buildSettings = {
				ALWAYS_EMBED_SWIFT_STANDARD_LIBRARIES = YES;
				BUNDLE_LOADER = "$(TEST_HOST)";
				CODE_SIGN_STYLE = Automatic;
				CURRENT_PROJECT_VERSION = 1;
				DEVELOPMENT_TEAM = 6J86C6MHA9;
				GENERATE_INFOPLIST_FILE = YES;
				IPHONEOS_DEPLOYMENT_TARGET = 16.0;
				MARKETING_VERSION = 1.0;
				PRODUCT_BUNDLE_IDENTIFIER = "fasl.tv-seriesTests";
				PRODUCT_NAME = "$(TARGET_NAME)";
				SWIFT_EMIT_LOC_STRINGS = NO;
				SWIFT_VERSION = 5.0;
				TARGETED_DEVICE_FAMILY = "1,2";
				TEST_HOST = "$(BUILT_PRODUCTS_DIR)/tv-series.app/$(BUNDLE_EXECUTABLE_FOLDER_PATH)/tv-series";
			};
			name = Release;
		};
		CD163E1229565F0B0009C43F /* Debug */ = {
			isa = XCBuildConfiguration;
			buildSettings = {
				ALWAYS_EMBED_SWIFT_STANDARD_LIBRARIES = YES;
				CODE_SIGN_STYLE = Automatic;
				CURRENT_PROJECT_VERSION = 1;
				DEVELOPMENT_TEAM = 6J86C6MHA9;
				GENERATE_INFOPLIST_FILE = YES;
				MARKETING_VERSION = 1.0;
				PRODUCT_BUNDLE_IDENTIFIER = "fasl.tv-seriesUITests";
				PRODUCT_NAME = "$(TARGET_NAME)";
				SWIFT_EMIT_LOC_STRINGS = NO;
				SWIFT_VERSION = 5.0;
				TARGETED_DEVICE_FAMILY = "1,2";
				TEST_TARGET_NAME = "tv-series";
			};
			name = Debug;
		};
		CD163E1329565F0B0009C43F /* Release */ = {
			isa = XCBuildConfiguration;
			buildSettings = {
				ALWAYS_EMBED_SWIFT_STANDARD_LIBRARIES = YES;
				CODE_SIGN_STYLE = Automatic;
				CURRENT_PROJECT_VERSION = 1;
				DEVELOPMENT_TEAM = 6J86C6MHA9;
				GENERATE_INFOPLIST_FILE = YES;
				MARKETING_VERSION = 1.0;
				PRODUCT_BUNDLE_IDENTIFIER = "fasl.tv-seriesUITests";
				PRODUCT_NAME = "$(TARGET_NAME)";
				SWIFT_EMIT_LOC_STRINGS = NO;
				SWIFT_VERSION = 5.0;
				TARGETED_DEVICE_FAMILY = "1,2";
				TEST_TARGET_NAME = "tv-series";
			};
			name = Release;
		};
/* End XCBuildConfiguration section */

/* Begin XCConfigurationList section */
		CD163DDC29565F0A0009C43F /* Build configuration list for PBXProject "tv-series" */ = {
			isa = XCConfigurationList;
			buildConfigurations = (
				CD163E0929565F0B0009C43F /* Debug */,
				CD163E0A29565F0B0009C43F /* Release */,
			);
			defaultConfigurationIsVisible = 0;
			defaultConfigurationName = Release;
		};
		CD163E0B29565F0B0009C43F /* Build configuration list for PBXNativeTarget "tv-series" */ = {
			isa = XCConfigurationList;
			buildConfigurations = (
				CD163E0C29565F0B0009C43F /* Debug */,
				CD163E0D29565F0B0009C43F /* Release */,
			);
			defaultConfigurationIsVisible = 0;
			defaultConfigurationName = Release;
		};
		CD163E0E29565F0B0009C43F /* Build configuration list for PBXNativeTarget "tv-seriesTests" */ = {
			isa = XCConfigurationList;
			buildConfigurations = (
				CD163E0F29565F0B0009C43F /* Debug */,
				CD163E1029565F0B0009C43F /* Release */,
			);
			defaultConfigurationIsVisible = 0;
			defaultConfigurationName = Release;
		};
		CD163E1129565F0B0009C43F /* Build configuration list for PBXNativeTarget "tv-seriesUITests" */ = {
			isa = XCConfigurationList;
			buildConfigurations = (
				CD163E1229565F0B0009C43F /* Debug */,
				CD163E1329565F0B0009C43F /* Release */,
			);
			defaultConfigurationIsVisible = 0;
			defaultConfigurationName = Release;
		};
/* End XCConfigurationList section */
	};
	rootObject = CD163DD929565F0A0009C43F /* Project object */;
}
